
Microsoft Visual Studio Solution File, Format Version 12.00
# Visual Studio Version 17
VisualStudioVersion = 17.9.34728.123
MinimumVisualStudioVersion = 10.0.40219.1
Project("{FAE04EC0-301F-11D3-BF4B-00C04F79EFBC}") = "CrudUsingNonQuery", "CrudUsingNonQuery\CrudUsingNonQuery.csproj", "{F3FDD05D-9B61-4CE8-AD1C-C0B0A2D54564}"
EndProject
Global
	GlobalSection(SolutionConfigurationPlatforms) = preSolution
		Debug|Any CPU = Debug|Any CPU
		Release|Any CPU = Release|Any CPU
	EndGlobalSection
	GlobalSection(ProjectConfigurationPlatforms) = postSolution
		{F3FDD05D-9B61-4CE8-AD1C-C0B0A2D54564}.Debug|Any CPU.ActiveCfg = Debug|Any CPU
		{F3FDD05D-9B61-4CE8-AD1C-C0B0A2D54564}.Debug|Any CPU.Build.0 = Debug|Any CPU
		{F3FDD05D-9B61-4CE8-AD1C-C0B0A2D54564}.Release|Any CPU.ActiveCfg = Release|Any CPU
		{F3FDD05D-9B61-4CE8-AD1C-C0B0A2D54564}.Release|Any CPU.Build.0 = Release|Any CPU
	EndGlobalSection
	GlobalSection(SolutionProperties) = preSolution
		HideSolutionNode = FALSE
	EndGlobalSection
	GlobalSection(ExtensibilityGlobals) = postSolution
		SolutionGuid = {C337065F-AE84-443F-8E17-51762F6C3A90}
	EndGlobalSection
EndGlobal
