
Microsoft Visual Studio Solution File, Format Version 12.00
# Visual Studio Version 17
VisualStudioVersion = 17.9.34728.123
MinimumVisualStudioVersion = 10.0.40219.1
Project("{FAE04EC0-301F-11D3-BF4B-00C04F79EFBC}") = "TestFive", "TestFive\TestFive.csproj", "{BFAC8C4F-E368-400C-9AEF-2AA9D657A233}"
EndProject
Global
	GlobalSection(SolutionConfigurationPlatforms) = preSolution
		Debug|Any CPU = Debug|Any CPU
		Release|Any CPU = Release|Any CPU
	EndGlobalSection
	GlobalSection(ProjectConfigurationPlatforms) = postSolution
		{BFAC8C4F-E368-400C-9AEF-2AA9D657A233}.Debug|Any CPU.ActiveCfg = Debug|Any CPU
		{BFAC8C4F-E368-400C-9AEF-2AA9D657A233}.Debug|Any CPU.Build.0 = Debug|Any CPU
		{BFAC8C4F-E368-400C-9AEF-2AA9D657A233}.Release|Any CPU.ActiveCfg = Release|Any CPU
		{BFAC8C4F-E368-400C-9AEF-2AA9D657A233}.Release|Any CPU.Build.0 = Release|Any CPU
	EndGlobalSection
	GlobalSection(SolutionProperties) = preSolution
		HideSolutionNode = FALSE
	EndGlobalSection
	GlobalSection(ExtensibilityGlobals) = postSolution
		SolutionGuid = {FA8C252C-2726-4109-AE48-ADBFE5763E65}
	EndGlobalSection
EndGlobal
