
Microsoft Visual Studio Solution File, Format Version 12.00
# Visual Studio Version 17
VisualStudioVersion = 17.9.34728.123
MinimumVisualStudioVersion = 10.0.40219.1
Project("{FAE04EC0-301F-11D3-BF4B-00C04F79EFBC}") = "RazorPage", "RazorPage\RazorPage.csproj", "{A2731603-43EA-472C-9091-1A85C18013F5}"
EndProject
Global
	GlobalSection(SolutionConfigurationPlatforms) = preSolution
		Debug|Any CPU = Debug|Any CPU
		Release|Any CPU = Release|Any CPU
	EndGlobalSection
	GlobalSection(ProjectConfigurationPlatforms) = postSolution
		{A2731603-43EA-472C-9091-1A85C18013F5}.Debug|Any CPU.ActiveCfg = Debug|Any CPU
		{A2731603-43EA-472C-9091-1A85C18013F5}.Debug|Any CPU.Build.0 = Debug|Any CPU
		{A2731603-43EA-472C-9091-1A85C18013F5}.Release|Any CPU.ActiveCfg = Release|Any CPU
		{A2731603-43EA-472C-9091-1A85C18013F5}.Release|Any CPU.Build.0 = Release|Any CPU
	EndGlobalSection
	GlobalSection(SolutionProperties) = preSolution
		HideSolutionNode = FALSE
	EndGlobalSection
	GlobalSection(ExtensibilityGlobals) = postSolution
		SolutionGuid = {3A90E385-0384-4835-8761-44A1B3B4AF6A}
	EndGlobalSection
EndGlobal
